# generated by rye
# use `rye lock` or `rye sync` to update this lockfile
#
# last locked with the following flags:
#   pre: false
#   features: []
#   all-features: false
#   with-sources: false
#   generate-hashes: false
#   universal: false

blinker==1.8.2
    # via flask
click==8.1.7
    # via flask
flask==3.0.3
    # via flask-sqlalchemy
flask-sqlalchemy==3.1.1
greenlet==3.1.0
    # via sqlalchemy
itsdangerous==2.2.0
    # via flask
jinja2==3.1.4
    # via flask
markupsafe==2.1.5
    # via jinja2
    # via werkzeug
python-dotenv==1.0.1
sqlalchemy==2.0.34
    # via flask-sqlalchemy
typing-extensions==4.12.2
    # via sqlalchemy
werkzeug==3.0.4
    # via flask
